
Microsoft Visual Studio Solution File, Format Version 12.00
# Visual Studio Version 17
VisualStudioVersion = 17.10.34916.146
MinimumVisualStudioVersion = 10.0.40219.1
Project("{FAE04EC0-301F-11D3-BF4B-00C04F79EFBC}") = "Task3", "Task3\Task3.csproj", "{BF362C71-E76E-4685-B0B3-2C13BE587959}"
EndProject
Project("{FAE04EC0-301F-11D3-BF4B-00C04F79EFBC}") = "Task3.Lib", "Task3.Lib\Task3.Lib.csproj", "{A4DCF117-0FAD-4DA9-BD10-0950EB678FE6}"
EndProject
Global
	GlobalSection(SolutionConfigurationPlatforms) = preSolution
		Debug|Any CPU = Debug|Any CPU
		Release|Any CPU = Release|Any CPU
	EndGlobalSection
	GlobalSection(ProjectConfigurationPlatforms) = postSolution
		{BF362C71-E76E-4685-B0B3-2C13BE587959}.Debug|Any CPU.ActiveCfg = Debug|Any CPU
		{BF362C71-E76E-4685-B0B3-2C13BE587959}.Debug|Any CPU.Build.0 = Debug|Any CPU
		{BF362C71-E76E-4685-B0B3-2C13BE587959}.Release|Any CPU.ActiveCfg = Release|Any CPU
		{BF362C71-E76E-4685-B0B3-2C13BE587959}.Release|Any CPU.Build.0 = Release|Any CPU
		{A4DCF117-0FAD-4DA9-BD10-0950EB678FE6}.Debug|Any CPU.ActiveCfg = Debug|Any CPU
		{A4DCF117-0FAD-4DA9-BD10-0950EB678FE6}.Debug|Any CPU.Build.0 = Debug|Any CPU
		{A4DCF117-0FAD-4DA9-BD10-0950EB678FE6}.Release|Any CPU.ActiveCfg = Release|Any CPU
		{A4DCF117-0FAD-4DA9-BD10-0950EB678FE6}.Release|Any CPU.Build.0 = Release|Any CPU
	EndGlobalSection
	GlobalSection(SolutionProperties) = preSolution
		HideSolutionNode = FALSE
	EndGlobalSection
	GlobalSection(ExtensibilityGlobals) = postSolution
		SolutionGuid = {3D2B5BA6-AB32-4363-9BA0-311F5BA5CA25}
	EndGlobalSection
EndGlobal
